{
  "pins" : [
    {
      "identity" : "alamofire",
      "kind" : "remoteSourceControl",
      "location" : "https://github.com/Alamofire/Alamofire",
      "state" : {
        "revision" : "8dd85aee02e39dd280c75eef88ffdb86eed4b07b",
        "version" : "5.6.2"
      }
    },
    {
      "identity" : "nuke",
      "kind" : "remoteSourceControl",
      "location" : "https://github.com/kean/Nuke",
      "state" : {
        "branch" : "master",
        "revision" : "40fdbd6c397b54646f8a66dfa9d0e987aa5f2213"
      }
    },
    {
      "identity" : "scrollviewprefetcher",
      "kind" : "remoteSourceControl",
      "location" : "https://github.com/kean/ScrollViewPrefetcher",
      "state" : {
        "branch" : "main",
        "revision" : "36cdfa3e5c11423511c21cd7e4ddb5a27536d89d"
      }
    },
    {
      "identity" : "swiftsvg",
      "kind" : "remoteSourceControl",
      "location" : "https://github.com/mchoe/SwiftSVG.git",
      "state" : {
        "revision" : "c3a8866a25ace169ee8e5c037670ba14aa59606f",
        "version" : "2.3.2"
      }
    }
  ],
  "version" : 2
}
